// !$*UTF8*$!
{
	archiveVersion = 1;
	classes = {
	};
	objectVersion = 50;
	objects = {

/* Begin PBXBuildFile section */
		34FAEEBD245B7667009002CD /* AppDelegate.swift in Sources */ = {isa = PBXBuildFile; fileRef = 34FAEEBC245B7667009002CD /* AppDelegate.swift */; };
		34FAEEBF245B7667009002CD /* SceneDelegate.swift in Sources */ = {isa = PBXBuildFile; fileRef = 34FAEEBE245B7667009002CD /* SceneDelegate.swift */; };
		34FAEEC1245B7667009002CD /* ContentView.swift in Sources */ = {isa = PBXBuildFile; fileRef = 34FAEEC0245B7667009002CD /* ContentView.swift */; };
		34FAEEC3245B7669009002CD /* Assets.xcassets in Resources */ = {isa = PBXBuildFile; fileRef = 34FAEEC2245B7669009002CD /* Assets.xcassets */; };
		34FAEEC6245B7669009002CD /* Preview Assets.xcassets in Resources */ = {isa = PBXBuildFile; fileRef = 34FAEEC5245B7669009002CD /* Preview Assets.xcassets */; };
		34FAEEC9245B7669009002CD /* LaunchScreen.storyboard in Resources */ = {isa = PBXBuildFile; fileRef = 34FAEEC7245B7669009002CD /* LaunchScreen.storyboard */; };
/* End PBXBuildFile section */

/* Begin PBXFileReference section */
		34FAEEB9245B7667009002CD /* MyFirstIOSApp.app */ = {isa = PBXFileReference; explicitFileType = wrapper.application; includeInIndex = 0; path = MyFirstIOSApp.app; sourceTree = BUILT_PRODUCTS_DIR; };
		34FAEEBC245B7667009002CD /* AppDelegate.swift */ = {isa = PBXFileReference; lastKnownFileType = sourcecode.swift; path = AppDelegate.swift; sourceTree = "<group>"; };
		34FAEEBE245B7667009002CD /* SceneDelegate.swift */ = {isa = PBXFileReference; lastKnownFileType = sourcecode.swift; path = SceneDelegate.swift; sourceTree = "<group>"; };
		34FAEEC0245B7667009002CD /* ContentView.swift */ = {isa = PBXFileReference; lastKnownFileType = sourcecode.swift; path = ContentView.swift; sourceTree = "<group>"; };
		34FAEEC2245B7669009002CD /* Assets.xcassets */ = {isa = PBXFileReference; lastKnownFileType = folder.assetcatalog; path = Assets.xcassets; sourceTree = "<group>"; };
		34FAEEC5245B7669009002CD /* Preview Assets.xcassets */ = {isa = PBXFileReference; lastKnownFileType = folder.assetcatalog; path = "Preview Assets.xcassets"; sourceTree = "<group>"; };
		34FAEEC8245B7669009002CD /* Base */ = {isa = PBXFileReference; lastKnownFileType = file.storyboard; name = Base; path = Base.lproj/LaunchScreen.storyboard; sourceTree = "<group>"; };
		34FAEECA245B7669009002CD /* Info.plist */ = {isa = PBXFileReference; lastKnownFileType = text.plist.xml; path = Info.plist; sourceTree = "<group>"; };
/* End PBXFileReference section */

/* Begin PBXFrameworksBuildPhase section */
		34FAEEB6245B7667009002CD /* Frameworks */ = {
			isa = PBXFrameworksBuildPhase;
			buildActionMask = 2147483647;
			files = (
			);
			runOnlyForDeploymentPostprocessing = 0;
		};
/* End PBXFrameworksBuildPhase section */

/* Begin PBXGroup section */
		34FAEEB0245B7667009002CD = {
			isa = PBXGroup;
			children = (
				34FAEEBB245B7667009002CD /* MyFirstIOSApp */,
				34FAEEBA245B7667009002CD /* Products */,
			);
			sourceTree = "<group>";
		};
		34FAEEBA245B7667009002CD /* Products */ = {
			isa = PBXGroup;
			children = (
				34FAEEB9245B7667009002CD /* MyFirstIOSApp.app */,
			);
			name = Products;
			sourceTree = "<group>";
		};
		34FAEEBB245B7667009002CD /* MyFirstIOSApp */ = {
			isa = PBXGroup;
			children = (
				34FAEEBC245B7667009002CD /* AppDelegate.swift */,
				34FAEEBE245B7667009002CD /* SceneDelegate.swift */,
				34FAEEC0245B7667009002CD /* ContentView.swift */,
				34FAEEC2245B7669009002CD /* Assets.xcassets */,
				34FAEEC7245B7669009002CD /* LaunchScreen.storyboard */,
				34FAEECA245B7669009002CD /* Info.plist */,
				34FAEEC4245B7669009002CD /* Preview Content */,
			);
			path = MyFirstIOSApp;
			sourceTree = "<group>";
		};
		34FAEEC4245B7669009002CD /* Preview Content */ = {
			isa = PBXGroup;
			children = (
				34FAEEC5245B7669009002CD /* Preview Assets.xcassets */,
			);
			path = "Preview Content";
			sourceTree = "<group>";
		};
/* End PBXGroup section */

/* Begin PBXNativeTarget section */
		34FAEEB8245B7667009002CD /* MyFirstIOSApp */ = {
			isa = PBXNativeTarget;
			buildConfigurationList = 34FAEECD245B7669009002CD /* Build configuration list for PBXNativeTarget "MyFirstIOSApp" */;
			buildPhases = (
				34FAEEB5245B7667009002CD /* Sources */,
				34FAEEB6245B7667009002CD /* Frameworks */,
				34FAEEB7245B7667009002CD /* Resources */,
			);
			buildRules = (
			);
			dependencies = (
			);
			name = MyFirstIOSApp;
			productName = MyFirstIOSApp;
			productReference = 34FAEEB9245B7667009002CD /* MyFirstIOSApp.app */;
			productType = "com.apple.product-type.application";
		};
/* End PBXNativeTarget section */

/* Begin PBXProject section */
		34FAEEB1245B7667009002CD /* Project object */ = {
			isa = PBXProject;
			attributes = {
				LastSwiftUpdateCheck = 1140;
				LastUpgradeCheck = 1140;
				ORGANIZATIONNAME = "Andrei Cozma";
				TargetAttributes = {
					34FAEEB8245B7667009002CD = {
						CreatedOnToolsVersion = 11.4.1;
					};
				};
			};
			buildConfigurationList = 34FAEEB4245B7667009002CD /* Build configuration list for PBXProject "MyFirstIOSApp" */;
			compatibilityVersion = "Xcode 9.3";
			developmentRegion = en;
			hasScannedForEncodings = 0;
			knownRegions = (
				en,
				Base,
			);
			mainGroup = 34FAEEB0245B7667009002CD;
			productRefGroup = 34FAEEBA245B7667009002CD /* Products */;
			projectDirPath = "";
			projectRoot = "";
			targets = (
				34FAEEB8245B7667009002CD /* MyFirstIOSApp */,
			);
		};
/* End PBXProject section */

/* Begin PBXResourcesBuildPhase section */
		34FAEEB7245B7667009002CD /* Resources */ = {
			isa = PBXResourcesBuildPhase;
			buildActionMask = 2147483647;
			files = (
				34FAEEC9245B7669009002CD /* LaunchScreen.storyboard in Resources */,
				34FAEEC6245B7669009002CD /* Preview Assets.xcassets in Resources */,
				34FAEEC3245B7669009002CD /* Assets.xcassets in Resources */,
			);
			runOnlyForDeploymentPostprocessing = 0;
		};
/* End PBXResourcesBuildPhase section */

/* Begin PBXSourcesBuildPhase section */
		34FAEEB5245B7667009002CD /* Sources */ = {
			isa = PBXSourcesBuildPhase;
			buildActionMask = 2147483647;
			files = (
				34FAEEBD245B7667009002CD /* AppDelegate.swift in Sources */,
				34FAEEBF245B7667009002CD /* SceneDelegate.swift in Sources */,
				34FAEEC1245B7667009002CD /* ContentView.swift in Sources */,
			);
			runOnlyForDeploymentPostprocessing = 0;
		};
/* End PBXSourcesBuildPhase section */

/* Begin PBXVariantGroup section */
		34FAEEC7245B7669009002CD /* LaunchScreen.storyboard */ = {
			isa = PBXVariantGroup;
			children = (
				34FAEEC8245B7669009002CD /* Base */,
			);
			name = LaunchScreen.storyboard;
			sourceTree = "<group>";
		};
/* End PBXVariantGroup section */

/* Begin XCBuildConfiguration section */
		34FAEECB245B7669009002CD /* Debug */ = {
			isa = XCBuildConfiguration;
			buildSettings = {
				ALWAYS_SEARCH_USER_PATHS = NO;
				CLANG_ANALYZER_NONNULL = YES;
				CLANG_ANALYZER_NUMBER_OBJECT_CONVERSION = YES_AGGRESSIVE;
				CLANG_CXX_LANGUAGE_STANDARD = "gnu++14";
				CLANG_CXX_LIBRARY = "libc++";
				CLANG_ENABLE_MODULES = YES;
				CLANG_ENABLE_OBJC_ARC = YES;
				CLANG_ENABLE_OBJC_WEAK = YES;
				CLANG_WARN_BLOCK_CAPTURE_AUTORELEASING = YES;
				CLANG_WARN_BOOL_CONVERSION = YES;
				CLANG_WARN_COMMA = YES;
				CLANG_WARN_CONSTANT_CONVERSION = YES;
				CLANG_WARN_DEPRECATED_OBJC_IMPLEMENTATIONS = YES;
				CLANG_WARN_DIRECT_OBJC_ISA_USAGE = YES_ERROR;
				CLANG_WARN_DOCUMENTATION_COMMENTS = YES;
				CLANG_WARN_EMPTY_BODY = YES;
				CLANG_WARN_ENUM_CONVERSION = YES;
				CLANG_WARN_INFINITE_RECURSION = YES;
				CLANG_WARN_INT_CONVERSION = YES;
				CLANG_WARN_NON_LITERAL_NULL_CONVERSION = YES;
				CLANG_WARN_OBJC_IMPLICIT_RETAIN_SELF = YES;
				CLANG_WARN_OBJC_LITERAL_CONVERSION = YES;
				CLANG_WARN_OBJC_ROOT_CLASS = YES_ERROR;
				CLANG_WARN_RANGE_LOOP_ANALYSIS = YES;
				CLANG_WARN_STRICT_PROTOTYPES = YES;
				CLANG_WARN_SUSPICIOUS_MOVE = YES;
				CLANG_WARN_UNGUARDED_AVAILABILITY = YES_AGGRESSIVE;
				CLANG_WARN_UNREACHABLE_CODE = YES;
				CLANG_WARN__DUPLICATE_METHOD_MATCH = YES;
				COPY_PHASE_STRIP = NO;
				DEBUG_INFORMATION_FORMAT = dwarf;
				ENABLE_STRICT_OBJC_MSGSEND = YES;
				ENABLE_TESTABILITY = YES;
				GCC_C_LANGUAGE_STANDARD = gnu11;
				GCC_DYNAMIC_NO_PIC = NO;
				GCC_NO_COMMON_BLOCKS = YES;
				GCC_OPTIMIZATION_LEVEL = 0;
				GCC_PREPROCESSOR_DEFINITIONS = (
					"DEBUG=1",
					"$(inherited)",
				);
				GCC_WARN_64_TO_32_BIT_CONVERSION = YES;
				GCC_WARN_ABOUT_RETURN_TYPE = YES_ERROR;
				GCC_WARN_UNDECLARED_SELECTOR = YES;
				GCC_WARN_UNINITIALIZED_AUTOS = YES_AGGRESSIVE;
				GCC_WARN_UNUSED_FUNCTION = YES;
				GCC_WARN_UNUSED_VARIABLE = YES;
				IPHONEOS_DEPLOYMENT_TARGET = 13.4;
				MTL_ENABLE_DEBUG_INFO = INCLUDE_SOURCE;
				MTL_FAST_MATH = YES;
				ONLY_ACTIVE_ARCH = YES;
				SDKROOT = iphoneos;
				SWIFT_ACTIVE_COMPILATION_CONDITIONS = DEBUG;
				SWIFT_OPTIMIZATION_LEVEL = "-Onone";
			};
			name = Debug;
		};
		34FAEECC245B7669009002CD /* Release */ = {
			isa = XCBuildConfiguration;
			buildSettings = {
				ALWAYS_SEARCH_USER_PATHS = NO;
				CLANG_ANALYZER_NONNULL = YES;
				CLANG_ANALYZER_NUMBER_OBJECT_CONVERSION = YES_AGGRESSIVE;
				CLANG_CXX_LANGUAGE_STANDARD = "gnu++14";
				CLANG_CXX_LIBRARY = "libc++";
				CLANG_ENABLE_MODULES = YES;
				CLANG_ENABLE_OBJC_ARC = YES;
				CLANG_ENABLE_OBJC_WEAK = YES;
				CLANG_WARN_BLOCK_CAPTURE_AUTORELEASING = YES;
				CLANG_WARN_BOOL_CONVERSION = YES;
				CLANG_WARN_COMMA = YES;
				CLANG_WARN_CONSTANT_CONVERSION = YES;
				CLANG_WARN_DEPRECATED_OBJC_IMPLEMENTATIONS = YES;
				CLANG_WARN_DIRECT_OBJC_ISA_USAGE = YES_ERROR;
				CLANG_WARN_DOCUMENTATION_COMMENTS = YES;
				CLANG_WARN_EMPTY_BODY = YES;
				CLANG_WARN_ENUM_CONVERSION = YES;
				CLANG_WARN_INFINITE_RECURSION = YES;
				CLANG_WARN_INT_CONVERSION = YES;
				CLANG_WARN_NON_LITERAL_NULL_CONVERSION = YES;
				CLANG_WARN_OBJC_IMPLICIT_RETAIN_SELF = YES;
				CLANG_WARN_OBJC_LITERAL_CONVERSION = YES;
				CLANG_WARN_OBJC_ROOT_CLASS = YES_ERROR;
				CLANG_WARN_RANGE_LOOP_ANALYSIS = YES;
				CLANG_WARN_STRICT_PROTOTYPES = YES;
				CLANG_WARN_SUSPICIOUS_MOVE = YES;
				CLANG_WARN_UNGUARDED_AVAILABILITY = YES_AGGRESSIVE;
				CLANG_WARN_UNREACHABLE_CODE = YES;
				CLANG_WARN__DUPLICATE_METHOD_MATCH = YES;
				COPY_PHASE_STRIP = NO;
				DEBUG_INFORMATION_FORMAT = "dwarf-with-dsym";
				ENABLE_NS_ASSERTIONS = NO;
				ENABLE_STRICT_OBJC_MSGSEND = YES;
				GCC_C_LANGUAGE_STANDARD = gnu11;
				GCC_NO_COMMON_BLOCKS = YES;
				GCC_WARN_64_TO_32_BIT_CONVERSION = YES;
				GCC_WARN_ABOUT_RETURN_TYPE = YES_ERROR;
				GCC_WARN_UNDECLARED_SELECTOR = YES;
				GCC_WARN_UNINITIALIZED_AUTOS = YES_AGGRESSIVE;
				GCC_WARN_UNUSED_FUNCTION = YES;
				GCC_WARN_UNUSED_VARIABLE = YES;
				IPHONEOS_DEPLOYMENT_TARGET = 13.4;
				MTL_ENABLE_DEBUG_INFO = NO;
				MTL_FAST_MATH = YES;
				SDKROOT = iphoneos;
				SWIFT_COMPILATION_MODE = wholemodule;
				SWIFT_OPTIMIZATION_LEVEL = "-O";
				VALIDATE_PRODUCT = YES;
			};
			name = Release;
		};
		34FAEECE245B7669009002CD /* Debug */ = {
			isa = XCBuildConfiguration;
			buildSettings = {
				ASSETCATALOG_COMPILER_APPICON_NAME = AppIcon;
				CODE_SIGN_STYLE = Automatic;
				DEVELOPMENT_ASSET_PATHS = "\"MyFirstIOSApp/Preview Content\"";
				DEVELOPMENT_TEAM = 3K6E995RS7;
				ENABLE_PREVIEWS = YES;
				INFOPLIST_FILE = MyFirstIOSApp/Info.plist;
				LD_RUNPATH_SEARCH_PATHS = (
					"$(inherited)",
					"@executable_path/Frameworks",
				);
				PRODUCT_BUNDLE_IDENTIFIER = com.andreicozma.MyFirstIOSApp;
				PRODUCT_NAME = "$(TARGET_NAME)";
				SWIFT_VERSION = 5.0;
				TARGETED_DEVICE_FAMILY = "1,2";
			};
			name = Debug;
		};
		34FAEECF245B7669009002CD /* Release */ = {
			isa = XCBuildConfiguration;
			buildSettings = {
				ASSETCATALOG_COMPILER_APPICON_NAME = AppIcon;
				CODE_SIGN_STYLE = Automatic;
				DEVELOPMENT_ASSET_PATHS = "\"MyFirstIOSApp/Preview Content\"";
				DEVELOPMENT_TEAM = 3K6E995RS7;
				ENABLE_PREVIEWS = YES;
				INFOPLIST_FILE = MyFirstIOSApp/Info.plist;
				LD_RUNPATH_SEARCH_PATHS = (
					"$(inherited)",
					"@executable_path/Frameworks",
				);
				PRODUCT_BUNDLE_IDENTIFIER = com.andreicozma.MyFirstIOSApp;
				PRODUCT_NAME = "$(TARGET_NAME)";
				SWIFT_VERSION = 5.0;
				TARGETED_DEVICE_FAMILY = "1,2";
			};
			name = Release;
		};
/* End XCBuildConfiguration section */

/* Begin XCConfigurationList section */
		34FAEEB4245B7667009002CD /* Build configuration list for PBXProject "MyFirstIOSApp" */ = {
			isa = XCConfigurationList;
			buildConfigurations = (
				34FAEECB245B7669009002CD /* Debug */,
				34FAEECC245B7669009002CD /* Release */,
			);
			defaultConfigurationIsVisible = 0;
			defaultConfigurationName = Release;
		};
		34FAEECD245B7669009002CD /* Build configuration list for PBXNativeTarget "MyFirstIOSApp" */ = {
			isa = XCConfigurationList;
			buildConfigurations = (
				34FAEECE245B7669009002CD /* Debug */,
				34FAEECF245B7669009002CD /* Release */,
			);
			defaultConfigurationIsVisible = 0;
			defaultConfigurationName = Release;
		};
/* End XCConfigurationList section */
	};
	rootObject = 34FAEEB1245B7667009002CD /* Project object */;
}
